// !$*UTF8*$!
{
	archiveVersion = 1;
	classes = {
	};
	objectVersion = 55;
	objects = {

/* Begin PBXBuildFile section */
		5D0310852850B15F001751A2 /* YoutubeSearchResponse.swift in Sources */ = {isa = PBXBuildFile; fileRef = 5D0310842850B15F001751A2 /* YoutubeSearchResponse.swift */; };
		5D0310872850BC3A001751A2 /* TitlePreviewViewController.swift in Sources */ = {isa = PBXBuildFile; fileRef = 5D0310862850BC3A001751A2 /* TitlePreviewViewController.swift */; };
		5D038F2B283D0CE900CE16F6 /* Search.swift in Sources */ = {isa = PBXBuildFile; fileRef = 5D038F2A283D0CE900CE16F6 /* Search.swift */; };
		5D216DE42836967B00451E7F /* TitleTableViewCell.swift in Sources */ = {isa = PBXBuildFile; fileRef = 5D216DE32836967B00451E7F /* TitleTableViewCell.swift */; };
		5D216DE628369BEB00451E7F /* TitleViewModel.swift in Sources */ = {isa = PBXBuildFile; fileRef = 5D216DE528369BEB00451E7F /* TitleViewModel.swift */; };
		5D216DE8283BE16D00451E7F /* SearchResultsViewController.swift in Sources */ = {isa = PBXBuildFile; fileRef = 5D216DE7283BE16D00451E7F /* SearchResultsViewController.swift */; };
		5D49B87F282A63F1006CCA80 /* AppDelegate.swift in Sources */ = {isa = PBXBuildFile; fileRef = 5D49B87E282A63F1006CCA80 /* AppDelegate.swift */; };
		5D49B881282A63F1006CCA80 /* SceneDelegate.swift in Sources */ = {isa = PBXBuildFile; fileRef = 5D49B880282A63F1006CCA80 /* SceneDelegate.swift */; };
		5D49B883282A63F1006CCA80 /* MainTabBarViewController.swift in Sources */ = {isa = PBXBuildFile; fileRef = 5D49B882282A63F1006CCA80 /* MainTabBarViewController.swift */; };
		5D49B888282A63F2006CCA80 /* Assets.xcassets in Resources */ = {isa = PBXBuildFile; fileRef = 5D49B887282A63F2006CCA80 /* Assets.xcassets */; };
		5D49B88B282A63F2006CCA80 /* LaunchScreen.storyboard in Resources */ = {isa = PBXBuildFile; fileRef = 5D49B889282A63F2006CCA80 /* LaunchScreen.storyboard */; };
		5D49B894282A682B006CCA80 /* HomeViewController.swift in Sources */ = {isa = PBXBuildFile; fileRef = 5D49B893282A682B006CCA80 /* HomeViewController.swift */; };
		5D49B896282A6877006CCA80 /* UpcomingViewController.swift in Sources */ = {isa = PBXBuildFile; fileRef = 5D49B895282A6877006CCA80 /* UpcomingViewController.swift */; };
		5D49B898282A68C5006CCA80 /* SearchViewController.swift in Sources */ = {isa = PBXBuildFile; fileRef = 5D49B897282A68C5006CCA80 /* SearchViewController.swift */; };
		5D49B89A282A6926006CCA80 /* DownloadsViewController.swift in Sources */ = {isa = PBXBuildFile; fileRef = 5D49B899282A6926006CCA80 /* DownloadsViewController.swift */; };
		5D49B8A1282A825E006CCA80 /* CollectionViewTableViewCell.swift in Sources */ = {isa = PBXBuildFile; fileRef = 5D49B8A0282A825E006CCA80 /* CollectionViewTableViewCell.swift */; };
		5D49B8A3282AC586006CCA80 /* HeroHeaderUIView.swift in Sources */ = {isa = PBXBuildFile; fileRef = 5D49B8A2282AC586006CCA80 /* HeroHeaderUIView.swift */; };
		5D62542D2832A1CD001C503A /* TitleCollectionViewCell.swift in Sources */ = {isa = PBXBuildFile; fileRef = 5D62542C2832A1CD001C503A /* TitleCollectionViewCell.swift */; };
		5D6254302832A700001C503A /* SDWebImage in Frameworks */ = {isa = PBXBuildFile; productRef = 5D62542F2832A700001C503A /* SDWebImage */; };
		5D6254322832A700001C503A /* SDWebImageMapKit in Frameworks */ = {isa = PBXBuildFile; productRef = 5D6254312832A700001C503A /* SDWebImageMapKit */; };
		5D7C3B41282F790900DAD329 /* Extensions.swift in Sources */ = {isa = PBXBuildFile; fileRef = 5D7C3B40282F790900DAD329 /* Extensions.swift */; };
		5DA64612282D5C1700D3D6E2 /* APICaller.swift in Sources */ = {isa = PBXBuildFile; fileRef = 5DA64611282D5C1700D3D6E2 /* APICaller.swift */; };
		5DA64614282D635000D3D6E2 /* Title.swift in Sources */ = {isa = PBXBuildFile; fileRef = 5DA64613282D635000D3D6E2 /* Title.swift */; };
/* End PBXBuildFile section */

/* Begin PBXFileReference section */
		5D0310842850B15F001751A2 /* YoutubeSearchResponse.swift */ = {isa = PBXFileReference; lastKnownFileType = sourcecode.swift; path = YoutubeSearchResponse.swift; sourceTree = "<group>"; };
		5D0310862850BC3A001751A2 /* TitlePreviewViewController.swift */ = {isa = PBXFileReference; lastKnownFileType = sourcecode.swift; path = TitlePreviewViewController.swift; sourceTree = "<group>"; };
		5D038F2A283D0CE900CE16F6 /* Search.swift */ = {isa = PBXFileReference; lastKnownFileType = sourcecode.swift; path = Search.swift; sourceTree = "<group>"; };
		5D216DE32836967B00451E7F /* TitleTableViewCell.swift */ = {isa = PBXFileReference; lastKnownFileType = sourcecode.swift; path = TitleTableViewCell.swift; sourceTree = "<group>"; };
		5D216DE528369BEB00451E7F /* TitleViewModel.swift */ = {isa = PBXFileReference; lastKnownFileType = sourcecode.swift; path = TitleViewModel.swift; sourceTree = "<group>"; };
		5D216DE7283BE16D00451E7F /* SearchResultsViewController.swift */ = {isa = PBXFileReference; lastKnownFileType = sourcecode.swift; path = SearchResultsViewController.swift; sourceTree = "<group>"; };
		5D49B87B282A63F1006CCA80 /* NewKinopoisk.app */ = {isa = PBXFileReference; explicitFileType = wrapper.application; includeInIndex = 0; path = NewKinopoisk.app; sourceTree = BUILT_PRODUCTS_DIR; };
		5D49B87E282A63F1006CCA80 /* AppDelegate.swift */ = {isa = PBXFileReference; lastKnownFileType = sourcecode.swift; path = AppDelegate.swift; sourceTree = "<group>"; };
		5D49B880282A63F1006CCA80 /* SceneDelegate.swift */ = {isa = PBXFileReference; lastKnownFileType = sourcecode.swift; path = SceneDelegate.swift; sourceTree = "<group>"; };
		5D49B882282A63F1006CCA80 /* MainTabBarViewController.swift */ = {isa = PBXFileReference; lastKnownFileType = sourcecode.swift; path = MainTabBarViewController.swift; sourceTree = "<group>"; };
		5D49B887282A63F2006CCA80 /* Assets.xcassets */ = {isa = PBXFileReference; lastKnownFileType = folder.assetcatalog; path = Assets.xcassets; sourceTree = "<group>"; };
		5D49B88A282A63F2006CCA80 /* Base */ = {isa = PBXFileReference; lastKnownFileType = file.storyboard; name = Base; path = Base.lproj/LaunchScreen.storyboard; sourceTree = "<group>"; };
		5D49B88C282A63F2006CCA80 /* Info.plist */ = {isa = PBXFileReference; lastKnownFileType = text.plist.xml; path = Info.plist; sourceTree = "<group>"; };
		5D49B893282A682B006CCA80 /* HomeViewController.swift */ = {isa = PBXFileReference; lastKnownFileType = sourcecode.swift; path = HomeViewController.swift; sourceTree = "<group>"; };
		5D49B895282A6877006CCA80 /* UpcomingViewController.swift */ = {isa = PBXFileReference; lastKnownFileType = sourcecode.swift; path = UpcomingViewController.swift; sourceTree = "<group>"; };
		5D49B897282A68C5006CCA80 /* SearchViewController.swift */ = {isa = PBXFileReference; lastKnownFileType = sourcecode.swift; path = SearchViewController.swift; sourceTree = "<group>"; };
		5D49B899282A6926006CCA80 /* DownloadsViewController.swift */ = {isa = PBXFileReference; lastKnownFileType = sourcecode.swift; path = DownloadsViewController.swift; sourceTree = "<group>"; };
		5D49B8A0282A825E006CCA80 /* CollectionViewTableViewCell.swift */ = {isa = PBXFileReference; lastKnownFileType = sourcecode.swift; path = CollectionViewTableViewCell.swift; sourceTree = "<group>"; };
		5D49B8A2282AC586006CCA80 /* HeroHeaderUIView.swift */ = {isa = PBXFileReference; lastKnownFileType = sourcecode.swift; path = HeroHeaderUIView.swift; sourceTree = "<group>"; };
		5D62542C2832A1CD001C503A /* TitleCollectionViewCell.swift */ = {isa = PBXFileReference; lastKnownFileType = sourcecode.swift; path = TitleCollectionViewCell.swift; sourceTree = "<group>"; };
		5D7C3B40282F790900DAD329 /* Extensions.swift */ = {isa = PBXFileReference; lastKnownFileType = sourcecode.swift; path = Extensions.swift; sourceTree = "<group>"; };
		5DA64611282D5C1700D3D6E2 /* APICaller.swift */ = {isa = PBXFileReference; lastKnownFileType = sourcecode.swift; path = APICaller.swift; sourceTree = "<group>"; };
		5DA64613282D635000D3D6E2 /* Title.swift */ = {isa = PBXFileReference; lastKnownFileType = sourcecode.swift; path = Title.swift; sourceTree = "<group>"; };
/* End PBXFileReference section */

/* Begin PBXFrameworksBuildPhase section */
		5D49B878282A63F1006CCA80 /* Frameworks */ = {
			isa = PBXFrameworksBuildPhase;
			buildActionMask = 2147483647;
			files = (
				5D6254322832A700001C503A /* SDWebImageMapKit in Frameworks */,
				5D6254302832A700001C503A /* SDWebImage in Frameworks */,
			);
			runOnlyForDeploymentPostprocessing = 0;
		};
/* End PBXFrameworksBuildPhase section */

/* Begin PBXGroup section */
		5D216DE9283BE1EE00451E7F /* Core */ = {
			isa = PBXGroup;
			children = (
				5D49B893282A682B006CCA80 /* HomeViewController.swift */,
				5D49B895282A6877006CCA80 /* UpcomingViewController.swift */,
				5D49B897282A68C5006CCA80 /* SearchViewController.swift */,
				5D49B899282A6926006CCA80 /* DownloadsViewController.swift */,
			);
			path = Core;
			sourceTree = "<group>";
		};
		5D216DEA283BE21400451E7F /* General */ = {
			isa = PBXGroup;
			children = (
				5D216DE7283BE16D00451E7F /* SearchResultsViewController.swift */,
				5D0310862850BC3A001751A2 /* TitlePreviewViewController.swift */,
			);
			path = General;
			sourceTree = "<group>";
		};
		5D49B872282A63F1006CCA80 = {
			isa = PBXGroup;
			children = (
				5D49B87D282A63F1006CCA80 /* NewKinopoisk */,
				5D49B87C282A63F1006CCA80 /* Products */,
			);
			sourceTree = "<group>";
		};
		5D49B87C282A63F1006CCA80 /* Products */ = {
			isa = PBXGroup;
			children = (
				5D49B87B282A63F1006CCA80 /* NewKinopoisk.app */,
			);
			name = Products;
			sourceTree = "<group>";
		};
		5D49B87D282A63F1006CCA80 /* NewKinopoisk */ = {
			isa = PBXGroup;
			children = (
				5D49B89F282A81E8006CCA80 /* Managers */,
				5D49B89E282A81CA006CCA80 /* Resources */,
				5D49B89D282A8185006CCA80 /* Models */,
				5D49B89B282A8115006CCA80 /* Views */,
				5D49B89C282A8168006CCA80 /* ViewModels */,
				5D49B892282A67F0006CCA80 /* Controllers */,
				5D49B87E282A63F1006CCA80 /* AppDelegate.swift */,
				5D49B880282A63F1006CCA80 /* SceneDelegate.swift */,
				5D49B882282A63F1006CCA80 /* MainTabBarViewController.swift */,
				5D49B887282A63F2006CCA80 /* Assets.xcassets */,
				5D49B889282A63F2006CCA80 /* LaunchScreen.storyboard */,
				5D49B88C282A63F2006CCA80 /* Info.plist */,
			);
			path = NewKinopoisk;
			sourceTree = "<group>";
		};
		5D49B892282A67F0006CCA80 /* Controllers */ = {
			isa = PBXGroup;
			children = (
				5D216DEA283BE21400451E7F /* General */,
				5D216DE9283BE1EE00451E7F /* Core */,
			);
			path = Controllers;
			sourceTree = "<group>";
		};
		5D49B89B282A8115006CCA80 /* Views */ = {
			isa = PBXGroup;
			children = (
				5D49B8A0282A825E006CCA80 /* CollectionViewTableViewCell.swift */,
				5D49B8A2282AC586006CCA80 /* HeroHeaderUIView.swift */,
				5D62542C2832A1CD001C503A /* TitleCollectionViewCell.swift */,
				5D216DE32836967B00451E7F /* TitleTableViewCell.swift */,
			);
			path = Views;
			sourceTree = "<group>";
		};
		5D49B89C282A8168006CCA80 /* ViewModels */ = {
			isa = PBXGroup;
			children = (
				5D216DE528369BEB00451E7F /* TitleViewModel.swift */,
			);
			path = ViewModels;
			sourceTree = "<group>";
		};
		5D49B89D282A8185006CCA80 /* Models */ = {
			isa = PBXGroup;
			children = (
				5DA64613282D635000D3D6E2 /* Title.swift */,
				5D038F2A283D0CE900CE16F6 /* Search.swift */,
				5D0310842850B15F001751A2 /* YoutubeSearchResponse.swift */,
			);
			path = Models;
			sourceTree = "<group>";
		};
		5D49B89E282A81CA006CCA80 /* Resources */ = {
			isa = PBXGroup;
			children = (
				5D7C3B40282F790900DAD329 /* Extensions.swift */,
			);
			path = Resources;
			sourceTree = "<group>";
		};
		5D49B89F282A81E8006CCA80 /* Managers */ = {
			isa = PBXGroup;
			children = (
				5DA64611282D5C1700D3D6E2 /* APICaller.swift */,
			);
			path = Managers;
			sourceTree = "<group>";
		};
/* End PBXGroup section */

/* Begin PBXNativeTarget section */
		5D49B87A282A63F1006CCA80 /* NewKinopoisk */ = {
			isa = PBXNativeTarget;
			buildConfigurationList = 5D49B88F282A63F2006CCA80 /* Build configuration list for PBXNativeTarget "NewKinopoisk" */;
			buildPhases = (
				5D49B877282A63F1006CCA80 /* Sources */,
				5D49B878282A63F1006CCA80 /* Frameworks */,
				5D49B879282A63F1006CCA80 /* Resources */,
			);
			buildRules = (
			);
			dependencies = (
			);
			name = NewKinopoisk;
			packageProductDependencies = (
				5D62542F2832A700001C503A /* SDWebImage */,
				5D6254312832A700001C503A /* SDWebImageMapKit */,
			);
			productName = NewKinopoisk;
			productReference = 5D49B87B282A63F1006CCA80 /* NewKinopoisk.app */;
			productType = "com.apple.product-type.application";
		};
/* End PBXNativeTarget section */

/* Begin PBXProject section */
		5D49B873282A63F1006CCA80 /* Project object */ = {
			isa = PBXProject;
			attributes = {
				BuildIndependentTargetsInParallel = 1;
				LastSwiftUpdateCheck = 1330;
				LastUpgradeCheck = 1330;
				TargetAttributes = {
					5D49B87A282A63F1006CCA80 = {
						CreatedOnToolsVersion = 13.3.1;
					};
				};
			};
			buildConfigurationList = 5D49B876282A63F1006CCA80 /* Build configuration list for PBXProject "NewKinopoisk" */;
			compatibilityVersion = "Xcode 13.0";
			developmentRegion = en;
			hasScannedForEncodings = 0;
			knownRegions = (
				en,
				Base,
			);
			mainGroup = 5D49B872282A63F1006CCA80;
			packageReferences = (
				5D62542E2832A700001C503A /* XCRemoteSwiftPackageReference "SDWebImage" */,
			);
			productRefGroup = 5D49B87C282A63F1006CCA80 /* Products */;
			projectDirPath = "";
			projectRoot = "";
			targets = (
				5D49B87A282A63F1006CCA80 /* NewKinopoisk */,
			);
		};
/* End PBXProject section */

/* Begin PBXResourcesBuildPhase section */
		5D49B879282A63F1006CCA80 /* Resources */ = {
			isa = PBXResourcesBuildPhase;
			buildActionMask = 2147483647;
			files = (
				5D49B88B282A63F2006CCA80 /* LaunchScreen.storyboard in Resources */,
				5D49B888282A63F2006CCA80 /* Assets.xcassets in Resources */,
			);
			runOnlyForDeploymentPostprocessing = 0;
		};
/* End PBXResourcesBuildPhase section */

/* Begin PBXSourcesBuildPhase section */
		5D49B877282A63F1006CCA80 /* Sources */ = {
			isa = PBXSourcesBuildPhase;
			buildActionMask = 2147483647;
			files = (
				5D216DE8283BE16D00451E7F /* SearchResultsViewController.swift in Sources */,
				5D216DE42836967B00451E7F /* TitleTableViewCell.swift in Sources */,
				5D49B898282A68C5006CCA80 /* SearchViewController.swift in Sources */,
				5D62542D2832A1CD001C503A /* TitleCollectionViewCell.swift in Sources */,
				5D038F2B283D0CE900CE16F6 /* Search.swift in Sources */,
				5D49B883282A63F1006CCA80 /* MainTabBarViewController.swift in Sources */,
				5D49B8A1282A825E006CCA80 /* CollectionViewTableViewCell.swift in Sources */,
				5DA64612282D5C1700D3D6E2 /* APICaller.swift in Sources */,
				5D49B8A3282AC586006CCA80 /* HeroHeaderUIView.swift in Sources */,
				5D0310872850BC3A001751A2 /* TitlePreviewViewController.swift in Sources */,
				5D49B89A282A6926006CCA80 /* DownloadsViewController.swift in Sources */,
				5D49B87F282A63F1006CCA80 /* AppDelegate.swift in Sources */,
				5D7C3B41282F790900DAD329 /* Extensions.swift in Sources */,
				5D0310852850B15F001751A2 /* YoutubeSearchResponse.swift in Sources */,
				5D49B881282A63F1006CCA80 /* SceneDelegate.swift in Sources */,
				5D49B896282A6877006CCA80 /* UpcomingViewController.swift in Sources */,
				5DA64614282D635000D3D6E2 /* Title.swift in Sources */,
				5D49B894282A682B006CCA80 /* HomeViewController.swift in Sources */,
				5D216DE628369BEB00451E7F /* TitleViewModel.swift in Sources */,
			);
			runOnlyForDeploymentPostprocessing = 0;
		};
/* End PBXSourcesBuildPhase section */

/* Begin PBXVariantGroup section */
		5D49B889282A63F2006CCA80 /* LaunchScreen.storyboard */ = {
			isa = PBXVariantGroup;
			children = (
				5D49B88A282A63F2006CCA80 /* Base */,
			);
			name = LaunchScreen.storyboard;
			sourceTree = "<group>";
		};
/* End PBXVariantGroup section */

/* Begin XCBuildConfiguration section */
		5D49B88D282A63F2006CCA80 /* Debug */ = {
			isa = XCBuildConfiguration;
			buildSettings = {
				ALWAYS_SEARCH_USER_PATHS = NO;
				CLANG_ANALYZER_NONNULL = YES;
				CLANG_ANALYZER_NUMBER_OBJECT_CONVERSION = YES_AGGRESSIVE;
				CLANG_CXX_LANGUAGE_STANDARD = "gnu++17";
				CLANG_ENABLE_MODULES = YES;
				CLANG_ENABLE_OBJC_ARC = YES;
				CLANG_ENABLE_OBJC_WEAK = YES;
				CLANG_WARN_BLOCK_CAPTURE_AUTORELEASING = YES;
				CLANG_WARN_BOOL_CONVERSION = YES;
				CLANG_WARN_COMMA = YES;
				CLANG_WARN_CONSTANT_CONVERSION = YES;
				CLANG_WARN_DEPRECATED_OBJC_IMPLEMENTATIONS = YES;
				CLANG_WARN_DIRECT_OBJC_ISA_USAGE = YES_ERROR;
				CLANG_WARN_DOCUMENTATION_COMMENTS = YES;
				CLANG_WARN_EMPTY_BODY = YES;
				CLANG_WARN_ENUM_CONVERSION = YES;
				CLANG_WARN_INFINITE_RECURSION = YES;
				CLANG_WARN_INT_CONVERSION = YES;
				CLANG_WARN_NON_LITERAL_NULL_CONVERSION = YES;
				CLANG_WARN_OBJC_IMPLICIT_RETAIN_SELF = YES;
				CLANG_WARN_OBJC_LITERAL_CONVERSION = YES;
				CLANG_WARN_OBJC_ROOT_CLASS = YES_ERROR;
				CLANG_WARN_QUOTED_INCLUDE_IN_FRAMEWORK_HEADER = YES;
				CLANG_WARN_RANGE_LOOP_ANALYSIS = YES;
				CLANG_WARN_STRICT_PROTOTYPES = YES;
				CLANG_WARN_SUSPICIOUS_MOVE = YES;
				CLANG_WARN_UNGUARDED_AVAILABILITY = YES_AGGRESSIVE;
				CLANG_WARN_UNREACHABLE_CODE = YES;
				CLANG_WARN__DUPLICATE_METHOD_MATCH = YES;
				COPY_PHASE_STRIP = NO;
				DEBUG_INFORMATION_FORMAT = dwarf;
				ENABLE_STRICT_OBJC_MSGSEND = YES;
				ENABLE_TESTABILITY = YES;
				GCC_C_LANGUAGE_STANDARD = gnu11;
				GCC_DYNAMIC_NO_PIC = NO;
				GCC_NO_COMMON_BLOCKS = YES;
				GCC_OPTIMIZATION_LEVEL = 0;
				GCC_PREPROCESSOR_DEFINITIONS = (
					"DEBUG=1",
					"$(inherited)",
				);
				GCC_WARN_64_TO_32_BIT_CONVERSION = YES;
				GCC_WARN_ABOUT_RETURN_TYPE = YES_ERROR;
				GCC_WARN_UNDECLARED_SELECTOR = YES;
				GCC_WARN_UNINITIALIZED_AUTOS = YES_AGGRESSIVE;
				GCC_WARN_UNUSED_FUNCTION = YES;
				GCC_WARN_UNUSED_VARIABLE = YES;
				IPHONEOS_DEPLOYMENT_TARGET = 15.4;
				MTL_ENABLE_DEBUG_INFO = INCLUDE_SOURCE;
				MTL_FAST_MATH = YES;
				ONLY_ACTIVE_ARCH = YES;
				SDKROOT = iphoneos;
				SWIFT_ACTIVE_COMPILATION_CONDITIONS = DEBUG;
				SWIFT_OPTIMIZATION_LEVEL = "-Onone";
			};
			name = Debug;
		};
		5D49B88E282A63F2006CCA80 /* Release */ = {
			isa = XCBuildConfiguration;
			buildSettings = {
				ALWAYS_SEARCH_USER_PATHS = NO;
				CLANG_ANALYZER_NONNULL = YES;
				CLANG_ANALYZER_NUMBER_OBJECT_CONVERSION = YES_AGGRESSIVE;
				CLANG_CXX_LANGUAGE_STANDARD = "gnu++17";
				CLANG_ENABLE_MODULES = YES;
				CLANG_ENABLE_OBJC_ARC = YES;
				CLANG_ENABLE_OBJC_WEAK = YES;
				CLANG_WARN_BLOCK_CAPTURE_AUTORELEASING = YES;
				CLANG_WARN_BOOL_CONVERSION = YES;
				CLANG_WARN_COMMA = YES;
				CLANG_WARN_CONSTANT_CONVERSION = YES;
				CLANG_WARN_DEPRECATED_OBJC_IMPLEMENTATIONS = YES;
				CLANG_WARN_DIRECT_OBJC_ISA_USAGE = YES_ERROR;
				CLANG_WARN_DOCUMENTATION_COMMENTS = YES;
				CLANG_WARN_EMPTY_BODY = YES;
				CLANG_WARN_ENUM_CONVERSION = YES;
				CLANG_WARN_INFINITE_RECURSION = YES;
				CLANG_WARN_INT_CONVERSION = YES;
				CLANG_WARN_NON_LITERAL_NULL_CONVERSION = YES;
				CLANG_WARN_OBJC_IMPLICIT_RETAIN_SELF = YES;
				CLANG_WARN_OBJC_LITERAL_CONVERSION = YES;
				CLANG_WARN_OBJC_ROOT_CLASS = YES_ERROR;
				CLANG_WARN_QUOTED_INCLUDE_IN_FRAMEWORK_HEADER = YES;
				CLANG_WARN_RANGE_LOOP_ANALYSIS = YES;
				CLANG_WARN_STRICT_PROTOTYPES = YES;
				CLANG_WARN_SUSPICIOUS_MOVE = YES;
				CLANG_WARN_UNGUARDED_AVAILABILITY = YES_AGGRESSIVE;
				CLANG_WARN_UNREACHABLE_CODE = YES;
				CLANG_WARN__DUPLICATE_METHOD_MATCH = YES;
				COPY_PHASE_STRIP = NO;
				DEBUG_INFORMATION_FORMAT = "dwarf-with-dsym";
				ENABLE_NS_ASSERTIONS = NO;
				ENABLE_STRICT_OBJC_MSGSEND = YES;
				GCC_C_LANGUAGE_STANDARD = gnu11;
				GCC_NO_COMMON_BLOCKS = YES;
				GCC_WARN_64_TO_32_BIT_CONVERSION = YES;
				GCC_WARN_ABOUT_RETURN_TYPE = YES_ERROR;
				GCC_WARN_UNDECLARED_SELECTOR = YES;
				GCC_WARN_UNINITIALIZED_AUTOS = YES_AGGRESSIVE;
				GCC_WARN_UNUSED_FUNCTION = YES;
				GCC_WARN_UNUSED_VARIABLE = YES;
				IPHONEOS_DEPLOYMENT_TARGET = 15.4;
				MTL_ENABLE_DEBUG_INFO = NO;
				MTL_FAST_MATH = YES;
				SDKROOT = iphoneos;
				SWIFT_COMPILATION_MODE = wholemodule;
				SWIFT_OPTIMIZATION_LEVEL = "-O";
				VALIDATE_PRODUCT = YES;
			};
			name = Release;
		};
		5D49B890282A63F2006CCA80 /* Debug */ = {
			isa = XCBuildConfiguration;
			buildSettings = {
				ASSETCATALOG_COMPILER_APPICON_NAME = AppIcon;
				ASSETCATALOG_COMPILER_GLOBAL_ACCENT_COLOR_NAME = AccentColor;
				CODE_SIGN_STYLE = Automatic;
				CURRENT_PROJECT_VERSION = 1;
				DEVELOPMENT_TEAM = GWJ4TQRZG9;
				GENERATE_INFOPLIST_FILE = YES;
				INFOPLIST_FILE = NewKinopoisk/Info.plist;
				INFOPLIST_KEY_UIApplicationSupportsIndirectInputEvents = YES;
				INFOPLIST_KEY_UILaunchStoryboardName = LaunchScreen;
				INFOPLIST_KEY_UISupportedInterfaceOrientations_iPad = "UIInterfaceOrientationPortrait UIInterfaceOrientationPortraitUpsideDown UIInterfaceOrientationLandscapeLeft UIInterfaceOrientationLandscapeRight";
				INFOPLIST_KEY_UISupportedInterfaceOrientations_iPhone = "UIInterfaceOrientationPortrait UIInterfaceOrientationLandscapeLeft UIInterfaceOrientationLandscapeRight";
				LD_RUNPATH_SEARCH_PATHS = (
					"$(inherited)",
					"@executable_path/Frameworks",
				);
				MARKETING_VERSION = 1.0;
				PRODUCT_BUNDLE_IDENTIFIER = Ivanyukov.NewKinopoisk;
				PRODUCT_NAME = "$(TARGET_NAME)";
				SWIFT_EMIT_LOC_STRINGS = YES;
				SWIFT_VERSION = 5.0;
				TARGETED_DEVICE_FAMILY = 1;
			};
			name = Debug;
		};
		5D49B891282A63F2006CCA80 /* Release */ = {
			isa = XCBuildConfiguration;
			buildSettings = {
				ASSETCATALOG_COMPILER_APPICON_NAME = AppIcon;
				ASSETCATALOG_COMPILER_GLOBAL_ACCENT_COLOR_NAME = AccentColor;
				CODE_SIGN_STYLE = Automatic;
				CURRENT_PROJECT_VERSION = 1;
				DEVELOPMENT_TEAM = GWJ4TQRZG9;
				GENERATE_INFOPLIST_FILE = YES;
				INFOPLIST_FILE = NewKinopoisk/Info.plist;
				INFOPLIST_KEY_UIApplicationSupportsIndirectInputEvents = YES;
				INFOPLIST_KEY_UILaunchStoryboardName = LaunchScreen;
				INFOPLIST_KEY_UISupportedInterfaceOrientations_iPad = "UIInterfaceOrientationPortrait UIInterfaceOrientationPortraitUpsideDown UIInterfaceOrientationLandscapeLeft UIInterfaceOrientationLandscapeRight";
				INFOPLIST_KEY_UISupportedInterfaceOrientations_iPhone = "UIInterfaceOrientationPortrait UIInterfaceOrientationLandscapeLeft UIInterfaceOrientationLandscapeRight";
				LD_RUNPATH_SEARCH_PATHS = (
					"$(inherited)",
					"@executable_path/Frameworks",
				);
				MARKETING_VERSION = 1.0;
				PRODUCT_BUNDLE_IDENTIFIER = Ivanyukov.NewKinopoisk;
				PRODUCT_NAME = "$(TARGET_NAME)";
				SWIFT_EMIT_LOC_STRINGS = YES;
				SWIFT_VERSION = 5.0;
				TARGETED_DEVICE_FAMILY = 1;
			};
			name = Release;
		};
/* End XCBuildConfiguration section */

/* Begin XCConfigurationList section */
		5D49B876282A63F1006CCA80 /* Build configuration list for PBXProject "NewKinopoisk" */ = {
			isa = XCConfigurationList;
			buildConfigurations = (
				5D49B88D282A63F2006CCA80 /* Debug */,
				5D49B88E282A63F2006CCA80 /* Release */,
			);
			defaultConfigurationIsVisible = 0;
			defaultConfigurationName = Release;
		};
		5D49B88F282A63F2006CCA80 /* Build configuration list for PBXNativeTarget "NewKinopoisk" */ = {
			isa = XCConfigurationList;
			buildConfigurations = (
				5D49B890282A63F2006CCA80 /* Debug */,
				5D49B891282A63F2006CCA80 /* Release */,
			);
			defaultConfigurationIsVisible = 0;
			defaultConfigurationName = Release;
		};
/* End XCConfigurationList section */

/* Begin XCRemoteSwiftPackageReference section */
		5D62542E2832A700001C503A /* XCRemoteSwiftPackageReference "SDWebImage" */ = {
			isa = XCRemoteSwiftPackageReference;
			repositoryURL = "https://github.com/SDWebImage/SDWebImage.git";
			requirement = {
				branch = master;
				kind = branch;
			};
		};
/* End XCRemoteSwiftPackageReference section */

/* Begin XCSwiftPackageProductDependency section */
		5D62542F2832A700001C503A /* SDWebImage */ = {
			isa = XCSwiftPackageProductDependency;
			package = 5D62542E2832A700001C503A /* XCRemoteSwiftPackageReference "SDWebImage" */;
			productName = SDWebImage;
		};
		5D6254312832A700001C503A /* SDWebImageMapKit */ = {
			isa = XCSwiftPackageProductDependency;
			package = 5D62542E2832A700001C503A /* XCRemoteSwiftPackageReference "SDWebImage" */;
			productName = SDWebImageMapKit;
		};
/* End XCSwiftPackageProductDependency section */
	};
	rootObject = 5D49B873282A63F1006CCA80 /* Project object */;
}
